{
  "nodes": {
    "nixpkgs": {
      "locked": {
        "lastModified": 1756542300,
        "narHash": "sha256-tlOn88coG5fzdyqz6R93SQL5Gpq+m/DsWpekNFhqPQk=",
        "owner": "nixos",
        "repo": "nixpkgs",
        "rev": "d7600c775f877cd87b4f5a831c28aa94137377aa",
        "type": "github"
      },
      "original": {
        "owner": "nixos",
        "ref": "nixos-unstable",
        "repo": "nixpkgs",
        "type": "github"
      }
    },
    "root": {
      "inputs": {
        "nixpkgs": "nixpkgs",
        "traderrr": "traderrr"
      }
    },
    "traderrr": {
      "flake": false,
      "locked": {
        "lastModified": 1760200572,
        "narHash": "sha256-9OeOwYZLR2jAyRDbP6M94INdujlzvq+MH8jI5UHKBs8=",
        "owner": "siegfried",
        "repo": "traderrr",
        "rev": "cc4c5e2652b34267fc7212433bd3f9cc9d0a2faa",
        "type": "github"
      },
      "original": {
        "owner": "siegfried",
        "repo": "traderrr",
        "type": "github"
      }
    }
  },
  "root": "root",
  "version": 7
}
