{
  "nodes": {
    "nixpkgs": {
      "locked": {
        "lastModified": 1756542300,
        "narHash": "sha256-tlOn88coG5fzdyqz6R93SQL5Gpq+m/DsWpekNFhqPQk=",
        "owner": "nixos",
        "repo": "nixpkgs",
        "rev": "d7600c775f877cd87b4f5a831c28aa94137377aa",
        "type": "github"
      },
      "original": {
        "owner": "nixos",
        "ref": "nixos-unstable",
        "repo": "nixpkgs",
        "type": "github"
      }
    },
    "root": {
      "inputs": {
        "nixpkgs": "nixpkgs",
        "traderrr": "traderrr"
      }
    },
    "traderrr": {
      "flake": false,
      "locked": {
        "lastModified": 1759564668,
        "narHash": "sha256-sD9by5Tc4lC6K7tf0Tu4wXGBMDuffUS7Z910rMF/20E=",
        "owner": "siegfried",
        "repo": "traderrr",
        "rev": "0a7464e47fbe39f6fc42d1720278eeb3235be1ef",
        "type": "github"
      },
      "original": {
        "owner": "siegfried",
        "repo": "traderrr",
        "type": "github"
      }
    }
  },
  "root": "root",
  "version": 7
}
