{
  "nodes": {
    "nixpkgs": {
      "locked": {
        "lastModified": 1756542300,
        "narHash": "sha256-tlOn88coG5fzdyqz6R93SQL5Gpq+m/DsWpekNFhqPQk=",
        "owner": "nixos",
        "repo": "nixpkgs",
        "rev": "d7600c775f877cd87b4f5a831c28aa94137377aa",
        "type": "github"
      },
      "original": {
        "owner": "nixos",
        "ref": "nixos-unstable",
        "repo": "nixpkgs",
        "type": "github"
      }
    },
    "root": {
      "inputs": {
        "nixpkgs": "nixpkgs",
        "traderrr": "traderrr"
      }
    },
    "traderrr": {
      "flake": false,
      "locked": {
        "lastModified": 1759033670,
        "narHash": "sha256-fU0cq+aldTs+D0IaxwYmEN/wPMR6XI2G/MnvwM9UCfs=",
        "owner": "siegfried",
        "repo": "traderrr",
        "rev": "02a2473b1e13c9af2333b1b7c90cf02f07b1dc64",
        "type": "github"
      },
      "original": {
        "owner": "siegfried",
        "repo": "traderrr",
        "type": "github"
      }
    }
  },
  "root": "root",
  "version": 7
}
